
Microsoft Visual Studio Solution File, Format Version 12.00
# Visual Studio Version 16
VisualStudioVersion = 16.0.31005.135
MinimumVisualStudioVersion = 10.0.40219.1
Project("{8BC9CEB8-8B4A-11D0-8D11-00A0C91BC942}") = "Client", "Client\Client.vcxproj", "{BAE74EE6-3A92-4442-8971-3085279A3606}"
EndProject
Project("{8BC9CEB8-8B4A-11D0-8D11-00A0C91BC942}") = "Server", "Server\Server.vcxproj", "{2C1EBAA2-406E-4292-AB4D-0E15FB2D78E9}"
EndProject
Global
	GlobalSection(SolutionConfigurationPlatforms) = preSolution
		Debug|x64 = Debug|x64
		Debug|x86 = Debug|x86
		Release|x64 = Release|x64
		Release|x86 = Release|x86
	EndGlobalSection
	GlobalSection(ProjectConfigurationPlatforms) = postSolution
		{BAE74EE6-3A92-4442-8971-3085279A3606}.Debug|x64.ActiveCfg = Debug|x64
		{BAE74EE6-3A92-4442-8971-3085279A3606}.Debug|x64.Build.0 = Debug|x64
		{BAE74EE6-3A92-4442-8971-3085279A3606}.Debug|x86.ActiveCfg = Debug|Win32
		{BAE74EE6-3A92-4442-8971-3085279A3606}.Debug|x86.Build.0 = Debug|Win32
		{BAE74EE6-3A92-4442-8971-3085279A3606}.Release|x64.ActiveCfg = Release|x64
		{BAE74EE6-3A92-4442-8971-3085279A3606}.Release|x64.Build.0 = Release|x64
		{BAE74EE6-3A92-4442-8971-3085279A3606}.Release|x86.ActiveCfg = Release|Win32
		{BAE74EE6-3A92-4442-8971-3085279A3606}.Release|x86.Build.0 = Release|Win32
		{2C1EBAA2-406E-4292-AB4D-0E15FB2D78E9}.Debug|x64.ActiveCfg = Debug|x64
		{2C1EBAA2-406E-4292-AB4D-0E15FB2D78E9}.Debug|x64.Build.0 = Debug|x64
		{2C1EBAA2-406E-4292-AB4D-0E15FB2D78E9}.Debug|x86.ActiveCfg = Debug|Win32
		{2C1EBAA2-406E-4292-AB4D-0E15FB2D78E9}.Debug|x86.Build.0 = Debug|Win32
		{2C1EBAA2-406E-4292-AB4D-0E15FB2D78E9}.Release|x64.ActiveCfg = Release|x64
		{2C1EBAA2-406E-4292-AB4D-0E15FB2D78E9}.Release|x64.Build.0 = Release|x64
		{2C1EBAA2-406E-4292-AB4D-0E15FB2D78E9}.Release|x86.ActiveCfg = Release|Win32
		{2C1EBAA2-406E-4292-AB4D-0E15FB2D78E9}.Release|x86.Build.0 = Release|Win32
	EndGlobalSection
	GlobalSection(SolutionProperties) = preSolution
		HideSolutionNode = FALSE
	EndGlobalSection
	GlobalSection(ExtensibilityGlobals) = postSolution
		SolutionGuid = {A8FE4D3A-BBC5-4019-BD28-74331EDC47A1}
	EndGlobalSection
EndGlobal
